// !$*UTF8*$!
{
	archiveVersion = 1;
	classes = {
	};
	objectVersion = 55;
	objects = {

/* Begin PBXBuildFile section */
		32F70F9B297EE20300290A7C /* AppDelegate.swift in Sources */ = {isa = PBXBuildFile; fileRef = 32F70F9A297EE20300290A7C /* AppDelegate.swift */; };
		32F70F9D297EE20300290A7C /* SceneDelegate.swift in Sources */ = {isa = PBXBuildFile; fileRef = 32F70F9C297EE20300290A7C /* SceneDelegate.swift */; };
		32F70F9F297EE20300290A7C /* ViewController.swift in Sources */ = {isa = PBXBuildFile; fileRef = 32F70F9E297EE20300290A7C /* ViewController.swift */; };
		32F70FA2297EE20300290A7C /* Main.storyboard in Resources */ = {isa = PBXBuildFile; fileRef = 32F70FA0297EE20300290A7C /* Main.storyboard */; };
		32F70FA4297EE20500290A7C /* Assets.xcassets in Resources */ = {isa = PBXBuildFile; fileRef = 32F70FA3297EE20500290A7C /* Assets.xcassets */; };
		32F70FA7297EE20500290A7C /* LaunchScreen.storyboard in Resources */ = {isa = PBXBuildFile; fileRef = 32F70FA5297EE20500290A7C /* LaunchScreen.storyboard */; };
		32F70FAF297EF8C800290A7C /* Options.swift in Sources */ = {isa = PBXBuildFile; fileRef = 32F70FAE297EF8C800290A7C /* Options.swift */; };
		32F70FB3297EFA5400290A7C /* AdventureLogic.swift in Sources */ = {isa = PBXBuildFile; fileRef = 32F70FB2297EFA5400290A7C /* AdventureLogic.swift */; };
/* End PBXBuildFile section */

/* Begin PBXFileReference section */
		32F70F97297EE20300290A7C /* m5-hw.app */ = {isa = PBXFileReference; explicitFileType = wrapper.application; includeInIndex = 0; path = "m5-hw.app"; sourceTree = BUILT_PRODUCTS_DIR; };
		32F70F9A297EE20300290A7C /* AppDelegate.swift */ = {isa = PBXFileReference; lastKnownFileType = sourcecode.swift; path = AppDelegate.swift; sourceTree = "<group>"; };
		32F70F9C297EE20300290A7C /* SceneDelegate.swift */ = {isa = PBXFileReference; lastKnownFileType = sourcecode.swift; path = SceneDelegate.swift; sourceTree = "<group>"; };
		32F70F9E297EE20300290A7C /* ViewController.swift */ = {isa = PBXFileReference; lastKnownFileType = sourcecode.swift; path = ViewController.swift; sourceTree = "<group>"; };
		32F70FA1297EE20300290A7C /* Base */ = {isa = PBXFileReference; lastKnownFileType = file.storyboard; name = Base; path = Base.lproj/Main.storyboard; sourceTree = "<group>"; };
		32F70FA3297EE20500290A7C /* Assets.xcassets */ = {isa = PBXFileReference; lastKnownFileType = folder.assetcatalog; path = Assets.xcassets; sourceTree = "<group>"; };
		32F70FA6297EE20500290A7C /* Base */ = {isa = PBXFileReference; lastKnownFileType = file.storyboard; name = Base; path = Base.lproj/LaunchScreen.storyboard; sourceTree = "<group>"; };
		32F70FA8297EE20500290A7C /* Info.plist */ = {isa = PBXFileReference; lastKnownFileType = text.plist.xml; path = Info.plist; sourceTree = "<group>"; };
		32F70FAE297EF8C800290A7C /* Options.swift */ = {isa = PBXFileReference; lastKnownFileType = sourcecode.swift; path = Options.swift; sourceTree = "<group>"; };
		32F70FB2297EFA5400290A7C /* AdventureLogic.swift */ = {isa = PBXFileReference; lastKnownFileType = sourcecode.swift; path = AdventureLogic.swift; sourceTree = "<group>"; };
/* End PBXFileReference section */

/* Begin PBXFrameworksBuildPhase section */
		32F70F94297EE20300290A7C /* Frameworks */ = {
			isa = PBXFrameworksBuildPhase;
			buildActionMask = 2147483647;
			files = (
			);
			runOnlyForDeploymentPostprocessing = 0;
		};
/* End PBXFrameworksBuildPhase section */

/* Begin PBXGroup section */
		32F70F8E297EE20300290A7C = {
			isa = PBXGroup;
			children = (
				32F70F99297EE20300290A7C /* m5-hw */,
				32F70F98297EE20300290A7C /* Products */,
			);
			sourceTree = "<group>";
		};
		32F70F98297EE20300290A7C /* Products */ = {
			isa = PBXGroup;
			children = (
				32F70F97297EE20300290A7C /* m5-hw.app */,
			);
			name = Products;
			sourceTree = "<group>";
		};
		32F70F99297EE20300290A7C /* m5-hw */ = {
			isa = PBXGroup;
			children = (
				32F70FB5297F0A2500290A7C /* View */,
				32F70FB4297F0A1A00290A7C /* Model */,
				32F70F9A297EE20300290A7C /* AppDelegate.swift */,
				32F70F9C297EE20300290A7C /* SceneDelegate.swift */,
				32F70FA0297EE20300290A7C /* Main.storyboard */,
				32F70FA3297EE20500290A7C /* Assets.xcassets */,
				32F70FA5297EE20500290A7C /* LaunchScreen.storyboard */,
				32F70FA8297EE20500290A7C /* Info.plist */,
			);
			path = "m5-hw";
			sourceTree = "<group>";
		};
		32F70FB4297F0A1A00290A7C /* Model */ = {
			isa = PBXGroup;
			children = (
				32F70FAE297EF8C800290A7C /* Options.swift */,
				32F70FB2297EFA5400290A7C /* AdventureLogic.swift */,
			);
			path = Model;
			sourceTree = "<group>";
		};
		32F70FB5297F0A2500290A7C /* View */ = {
			isa = PBXGroup;
			children = (
				32F70F9E297EE20300290A7C /* ViewController.swift */,
			);
			path = View;
			sourceTree = "<group>";
		};
/* End PBXGroup section */

/* Begin PBXNativeTarget section */
		32F70F96297EE20300290A7C /* m5-hw */ = {
			isa = PBXNativeTarget;
			buildConfigurationList = 32F70FAB297EE20500290A7C /* Build configuration list for PBXNativeTarget "m5-hw" */;
			buildPhases = (
				32F70F93297EE20300290A7C /* Sources */,
				32F70F94297EE20300290A7C /* Frameworks */,
				32F70F95297EE20300290A7C /* Resources */,
			);
			buildRules = (
			);
			dependencies = (
			);
			name = "m5-hw";
			productName = "m5-hw";
			productReference = 32F70F97297EE20300290A7C /* m5-hw.app */;
			productType = "com.apple.product-type.application";
		};
/* End PBXNativeTarget section */

/* Begin PBXProject section */
		32F70F8F297EE20300290A7C /* Project object */ = {
			isa = PBXProject;
			attributes = {
				BuildIndependentTargetsInParallel = 1;
				LastSwiftUpdateCheck = 1340;
				LastUpgradeCheck = 1340;
				TargetAttributes = {
					32F70F96297EE20300290A7C = {
						CreatedOnToolsVersion = 13.4.1;
					};
				};
			};
			buildConfigurationList = 32F70F92297EE20300290A7C /* Build configuration list for PBXProject "m5-hw" */;
			compatibilityVersion = "Xcode 13.0";
			developmentRegion = en;
			hasScannedForEncodings = 0;
			knownRegions = (
				en,
				Base,
			);
			mainGroup = 32F70F8E297EE20300290A7C;
			productRefGroup = 32F70F98297EE20300290A7C /* Products */;
			projectDirPath = "";
			projectRoot = "";
			targets = (
				32F70F96297EE20300290A7C /* m5-hw */,
			);
		};
/* End PBXProject section */

/* Begin PBXResourcesBuildPhase section */
		32F70F95297EE20300290A7C /* Resources */ = {
			isa = PBXResourcesBuildPhase;
			buildActionMask = 2147483647;
			files = (
				32F70FA7297EE20500290A7C /* LaunchScreen.storyboard in Resources */,
				32F70FA4297EE20500290A7C /* Assets.xcassets in Resources */,
				32F70FA2297EE20300290A7C /* Main.storyboard in Resources */,
			);
			runOnlyForDeploymentPostprocessing = 0;
		};
/* End PBXResourcesBuildPhase section */

/* Begin PBXSourcesBuildPhase section */
		32F70F93297EE20300290A7C /* Sources */ = {
			isa = PBXSourcesBuildPhase;
			buildActionMask = 2147483647;
			files = (
				32F70FB3297EFA5400290A7C /* AdventureLogic.swift in Sources */,
				32F70FAF297EF8C800290A7C /* Options.swift in Sources */,
				32F70F9F297EE20300290A7C /* ViewController.swift in Sources */,
				32F70F9B297EE20300290A7C /* AppDelegate.swift in Sources */,
				32F70F9D297EE20300290A7C /* SceneDelegate.swift in Sources */,
			);
			runOnlyForDeploymentPostprocessing = 0;
		};
/* End PBXSourcesBuildPhase section */

/* Begin PBXVariantGroup section */
		32F70FA0297EE20300290A7C /* Main.storyboard */ = {
			isa = PBXVariantGroup;
			children = (
				32F70FA1297EE20300290A7C /* Base */,
			);
			name = Main.storyboard;
			sourceTree = "<group>";
		};
		32F70FA5297EE20500290A7C /* LaunchScreen.storyboard */ = {
			isa = PBXVariantGroup;
			children = (
				32F70FA6297EE20500290A7C /* Base */,
			);
			name = LaunchScreen.storyboard;
			sourceTree = "<group>";
		};
/* End PBXVariantGroup section */

/* Begin XCBuildConfiguration section */
		32F70FA9297EE20500290A7C /* Debug */ = {
			isa = XCBuildConfiguration;
			buildSettings = {
				ALWAYS_SEARCH_USER_PATHS = NO;
				CLANG_ANALYZER_NONNULL = YES;
				CLANG_ANALYZER_NUMBER_OBJECT_CONVERSION = YES_AGGRESSIVE;
				CLANG_CXX_LANGUAGE_STANDARD = "gnu++17";
				CLANG_ENABLE_MODULES = YES;
				CLANG_ENABLE_OBJC_ARC = YES;
				CLANG_ENABLE_OBJC_WEAK = YES;
				CLANG_WARN_BLOCK_CAPTURE_AUTORELEASING = YES;
				CLANG_WARN_BOOL_CONVERSION = YES;
				CLANG_WARN_COMMA = YES;
				CLANG_WARN_CONSTANT_CONVERSION = YES;
				CLANG_WARN_DEPRECATED_OBJC_IMPLEMENTATIONS = YES;
				CLANG_WARN_DIRECT_OBJC_ISA_USAGE = YES_ERROR;
				CLANG_WARN_DOCUMENTATION_COMMENTS = YES;
				CLANG_WARN_EMPTY_BODY = YES;
				CLANG_WARN_ENUM_CONVERSION = YES;
				CLANG_WARN_INFINITE_RECURSION = YES;
				CLANG_WARN_INT_CONVERSION = YES;
				CLANG_WARN_NON_LITERAL_NULL_CONVERSION = YES;
				CLANG_WARN_OBJC_IMPLICIT_RETAIN_SELF = YES;
				CLANG_WARN_OBJC_LITERAL_CONVERSION = YES;
				CLANG_WARN_OBJC_ROOT_CLASS = YES_ERROR;
				CLANG_WARN_QUOTED_INCLUDE_IN_FRAMEWORK_HEADER = YES;
				CLANG_WARN_RANGE_LOOP_ANALYSIS = YES;
				CLANG_WARN_STRICT_PROTOTYPES = YES;
				CLANG_WARN_SUSPICIOUS_MOVE = YES;
				CLANG_WARN_UNGUARDED_AVAILABILITY = YES_AGGRESSIVE;
				CLANG_WARN_UNREACHABLE_CODE = YES;
				CLANG_WARN__DUPLICATE_METHOD_MATCH = YES;
				COPY_PHASE_STRIP = NO;
				DEBUG_INFORMATION_FORMAT = dwarf;
				ENABLE_STRICT_OBJC_MSGSEND = YES;
				ENABLE_TESTABILITY = YES;
				GCC_C_LANGUAGE_STANDARD = gnu11;
				GCC_DYNAMIC_NO_PIC = NO;
				GCC_NO_COMMON_BLOCKS = YES;
				GCC_OPTIMIZATION_LEVEL = 0;
				GCC_PREPROCESSOR_DEFINITIONS = (
					"DEBUG=1",
					"$(inherited)",
				);
				GCC_WARN_64_TO_32_BIT_CONVERSION = YES;
				GCC_WARN_ABOUT_RETURN_TYPE = YES_ERROR;
				GCC_WARN_UNDECLARED_SELECTOR = YES;
				GCC_WARN_UNINITIALIZED_AUTOS = YES_AGGRESSIVE;
				GCC_WARN_UNUSED_FUNCTION = YES;
				GCC_WARN_UNUSED_VARIABLE = YES;
				IPHONEOS_DEPLOYMENT_TARGET = 15.5;
				MTL_ENABLE_DEBUG_INFO = INCLUDE_SOURCE;
				MTL_FAST_MATH = YES;
				ONLY_ACTIVE_ARCH = YES;
				SDKROOT = iphoneos;
				SWIFT_ACTIVE_COMPILATION_CONDITIONS = DEBUG;
				SWIFT_OPTIMIZATION_LEVEL = "-Onone";
			};
			name = Debug;
		};
		32F70FAA297EE20500290A7C /* Release */ = {
			isa = XCBuildConfiguration;
			buildSettings = {
				ALWAYS_SEARCH_USER_PATHS = NO;
				CLANG_ANALYZER_NONNULL = YES;
				CLANG_ANALYZER_NUMBER_OBJECT_CONVERSION = YES_AGGRESSIVE;
				CLANG_CXX_LANGUAGE_STANDARD = "gnu++17";
				CLANG_ENABLE_MODULES = YES;
				CLANG_ENABLE_OBJC_ARC = YES;
				CLANG_ENABLE_OBJC_WEAK = YES;
				CLANG_WARN_BLOCK_CAPTURE_AUTORELEASING = YES;
				CLANG_WARN_BOOL_CONVERSION = YES;
				CLANG_WARN_COMMA = YES;
				CLANG_WARN_CONSTANT_CONVERSION = YES;
				CLANG_WARN_DEPRECATED_OBJC_IMPLEMENTATIONS = YES;
				CLANG_WARN_DIRECT_OBJC_ISA_USAGE = YES_ERROR;
				CLANG_WARN_DOCUMENTATION_COMMENTS = YES;
				CLANG_WARN_EMPTY_BODY = YES;
				CLANG_WARN_ENUM_CONVERSION = YES;
				CLANG_WARN_INFINITE_RECURSION = YES;
				CLANG_WARN_INT_CONVERSION = YES;
				CLANG_WARN_NON_LITERAL_NULL_CONVERSION = YES;
				CLANG_WARN_OBJC_IMPLICIT_RETAIN_SELF = YES;
				CLANG_WARN_OBJC_LITERAL_CONVERSION = YES;
				CLANG_WARN_OBJC_ROOT_CLASS = YES_ERROR;
				CLANG_WARN_QUOTED_INCLUDE_IN_FRAMEWORK_HEADER = YES;
				CLANG_WARN_RANGE_LOOP_ANALYSIS = YES;
				CLANG_WARN_STRICT_PROTOTYPES = YES;
				CLANG_WARN_SUSPICIOUS_MOVE = YES;
				CLANG_WARN_UNGUARDED_AVAILABILITY = YES_AGGRESSIVE;
				CLANG_WARN_UNREACHABLE_CODE = YES;
				CLANG_WARN__DUPLICATE_METHOD_MATCH = YES;
				COPY_PHASE_STRIP = NO;
				DEBUG_INFORMATION_FORMAT = "dwarf-with-dsym";
				ENABLE_NS_ASSERTIONS = NO;
				ENABLE_STRICT_OBJC_MSGSEND = YES;
				GCC_C_LANGUAGE_STANDARD = gnu11;
				GCC_NO_COMMON_BLOCKS = YES;
				GCC_WARN_64_TO_32_BIT_CONVERSION = YES;
				GCC_WARN_ABOUT_RETURN_TYPE = YES_ERROR;
				GCC_WARN_UNDECLARED_SELECTOR = YES;
				GCC_WARN_UNINITIALIZED_AUTOS = YES_AGGRESSIVE;
				GCC_WARN_UNUSED_FUNCTION = YES;
				GCC_WARN_UNUSED_VARIABLE = YES;
				IPHONEOS_DEPLOYMENT_TARGET = 15.5;
				MTL_ENABLE_DEBUG_INFO = NO;
				MTL_FAST_MATH = YES;
				SDKROOT = iphoneos;
				SWIFT_COMPILATION_MODE = wholemodule;
				SWIFT_OPTIMIZATION_LEVEL = "-O";
				VALIDATE_PRODUCT = YES;
			};
			name = Release;
		};
		32F70FAC297EE20500290A7C /* Debug */ = {
			isa = XCBuildConfiguration;
			buildSettings = {
				ASSETCATALOG_COMPILER_APPICON_NAME = AppIcon;
				ASSETCATALOG_COMPILER_GLOBAL_ACCENT_COLOR_NAME = AccentColor;
				CODE_SIGN_STYLE = Automatic;
				CURRENT_PROJECT_VERSION = 1;
				DEVELOPMENT_TEAM = 37F39NN39D;
				GENERATE_INFOPLIST_FILE = YES;
				INFOPLIST_FILE = "m5-hw/Info.plist";
				INFOPLIST_KEY_UIApplicationSupportsIndirectInputEvents = YES;
				INFOPLIST_KEY_UILaunchStoryboardName = LaunchScreen;
				INFOPLIST_KEY_UIMainStoryboardFile = Main;
				INFOPLIST_KEY_UISupportedInterfaceOrientations_iPad = "UIInterfaceOrientationPortrait UIInterfaceOrientationPortraitUpsideDown UIInterfaceOrientationLandscapeLeft UIInterfaceOrientationLandscapeRight";
				INFOPLIST_KEY_UISupportedInterfaceOrientations_iPhone = "UIInterfaceOrientationPortrait UIInterfaceOrientationLandscapeLeft UIInterfaceOrientationLandscapeRight";
				LD_RUNPATH_SEARCH_PATHS = (
					"$(inherited)",
					"@executable_path/Frameworks",
				);
				MARKETING_VERSION = 1.0;
				PRODUCT_BUNDLE_IDENTIFIER = "mobile-app-1.m5-hw";
				PRODUCT_NAME = "$(TARGET_NAME)";
				SWIFT_EMIT_LOC_STRINGS = YES;
				SWIFT_VERSION = 5.0;
				TARGETED_DEVICE_FAMILY = "1,2";
			};
			name = Debug;
		};
		32F70FAD297EE20500290A7C /* Release */ = {
			isa = XCBuildConfiguration;
			buildSettings = {
				ASSETCATALOG_COMPILER_APPICON_NAME = AppIcon;
				ASSETCATALOG_COMPILER_GLOBAL_ACCENT_COLOR_NAME = AccentColor;
				CODE_SIGN_STYLE = Automatic;
				CURRENT_PROJECT_VERSION = 1;
				DEVELOPMENT_TEAM = 37F39NN39D;
				GENERATE_INFOPLIST_FILE = YES;
				INFOPLIST_FILE = "m5-hw/Info.plist";
				INFOPLIST_KEY_UIApplicationSupportsIndirectInputEvents = YES;
				INFOPLIST_KEY_UILaunchStoryboardName = LaunchScreen;
				INFOPLIST_KEY_UIMainStoryboardFile = Main;
				INFOPLIST_KEY_UISupportedInterfaceOrientations_iPad = "UIInterfaceOrientationPortrait UIInterfaceOrientationPortraitUpsideDown UIInterfaceOrientationLandscapeLeft UIInterfaceOrientationLandscapeRight";
				INFOPLIST_KEY_UISupportedInterfaceOrientations_iPhone = "UIInterfaceOrientationPortrait UIInterfaceOrientationLandscapeLeft UIInterfaceOrientationLandscapeRight";
				LD_RUNPATH_SEARCH_PATHS = (
					"$(inherited)",
					"@executable_path/Frameworks",
				);
				MARKETING_VERSION = 1.0;
				PRODUCT_BUNDLE_IDENTIFIER = "mobile-app-1.m5-hw";
				PRODUCT_NAME = "$(TARGET_NAME)";
				SWIFT_EMIT_LOC_STRINGS = YES;
				SWIFT_VERSION = 5.0;
				TARGETED_DEVICE_FAMILY = "1,2";
			};
			name = Release;
		};
/* End XCBuildConfiguration section */

/* Begin XCConfigurationList section */
		32F70F92297EE20300290A7C /* Build configuration list for PBXProject "m5-hw" */ = {
			isa = XCConfigurationList;
			buildConfigurations = (
				32F70FA9297EE20500290A7C /* Debug */,
				32F70FAA297EE20500290A7C /* Release */,
			);
			defaultConfigurationIsVisible = 0;
			defaultConfigurationName = Release;
		};
		32F70FAB297EE20500290A7C /* Build configuration list for PBXNativeTarget "m5-hw" */ = {
			isa = XCConfigurationList;
			buildConfigurations = (
				32F70FAC297EE20500290A7C /* Debug */,
				32F70FAD297EE20500290A7C /* Release */,
			);
			defaultConfigurationIsVisible = 0;
			defaultConfigurationName = Release;
		};
/* End XCConfigurationList section */
	};
	rootObject = 32F70F8F297EE20300290A7C /* Project object */;
}
